{
  "nodes": {
    "antigravity-cli-nix": {
      "inputs": {
        "nixpkgs": [
          "nixpkgs"
        ]
      },
      "locked": {
        "lastModified": 1781027062,
        "narHash": "sha256-HCp/ULLJFzqptXaMTNqyQe6BWxrJNE6bT6V0dKGHvv8=",
        "owner": "joegoldin",
        "repo": "antigravity-cli-nix",
        "rev": "f61704e74b5b32237b12c4e05a8bd442477094c3",
        "type": "github"
      },
      "original": {
        "owner": "joegoldin",
        "repo": "antigravity-cli-nix",
        "type": "github"
      }
    },
    "claude-nix": {
      "inputs": {
        "flake-utils": "flake-utils",
        "nixpkgs": [
          "nixpkgs"
        ]
      },
      "locked": {
        "lastModified": 1781027062,
        "narHash": "sha256-QFgKDtBo+2gr0lS9bL2QAAxYtSmsOWisCoSHyDIvQ1E=",
        "owner": "joegoldin",
        "repo": "claude-nix",
        "rev": "614fda849f4e6e7b7869a89675c1ca84d219be29",
        "type": "github"
      },
      "original": {
        "owner": "joegoldin",
        "repo": "claude-nix",
        "type": "github"
      }
    },
    "codex-nix": {
      "inputs": {
        "nixpkgs": [
          "nixpkgs"
        ]
      },
      "locked": {
        "lastModified": 1781027062,
        "narHash": "sha256-ItTRHUXqzsigIikbqWxpF0ixGz1BiSwF1ou5pN6yyRg=",
        "ref": "refs/heads/main",
        "rev": "d702bdd5476ee3e548fa6252fd074c4438d45a6c",
        "revCount": 4,
        "type": "git",
        "url": "ssh://git@github.com/joegoldin/codex-nix.git"
      },
      "original": {
        "type": "git",
        "url": "ssh://git@github.com/joegoldin/codex-nix.git"
      }
    },
    "flake-utils": {
      "inputs": {
        "systems": "systems"
      },
      "locked": {
        "lastModified": 1731533236,
        "narHash": "sha256-l0KFg5HjrsfsO/JpG+r7fRrqm12kzFHyUHqHCVpMMbI=",
        "owner": "numtide",
        "repo": "flake-utils",
        "rev": "11707dc2f618dd54ca8739b309ec4fc024de578b",
        "type": "github"
      },
      "original": {
        "owner": "numtide",
        "repo": "flake-utils",
        "type": "github"
      }
    },
    "nixpkgs": {
      "locked": {
        "lastModified": 1780365719,
        "narHash": "sha256-QfWfccTN+70ZQ4m2qlU9PiKfz2Yppq94058iJyARNwc=",
        "owner": "NixOS",
        "repo": "nixpkgs",
        "rev": "ffa10e26ae11d676b2db836259889f1f571cb14f",
        "type": "github"
      },
      "original": {
        "owner": "NixOS",
        "ref": "nixpkgs-unstable",
        "repo": "nixpkgs",
        "type": "github"
      }
    },
    "root": {
      "inputs": {
        "antigravity-cli-nix": "antigravity-cli-nix",
        "claude-nix": "claude-nix",
        "codex-nix": "codex-nix",
        "nixpkgs": "nixpkgs"
      }
    },
    "systems": {
      "locked": {
        "lastModified": 1681028828,
        "narHash": "sha256-Vy1rq5AaRuLzOxct8nz4T6wlgyUR7zLU309k9mBC768=",
        "owner": "nix-systems",
        "repo": "default",
        "rev": "da67096a3b9bf56a91d16901293e51ba5b49a27e",
        "type": "github"
      },
      "original": {
        "owner": "nix-systems",
        "repo": "default",
        "type": "github"
      }
    }
  },
  "root": "root",
  "version": 7
}
