{
  "nodes": {
    "antigravity-cli-nix": {
      "inputs": {
        "nixpkgs": [
          "nixpkgs"
        ]
      },
      "locked": {
        "lastModified": 1783622948,
        "narHash": "sha256-V+jDE+lm/yWBQ+7/b4ms/uMmnKxaTZF++iv4FbqxIc0=",
        "owner": "joegoldin",
        "repo": "antigravity-cli-nix",
        "rev": "7275089162f5c093d993e5b7cf1a9108b616ae80",
        "type": "github"
      },
      "original": {
        "owner": "joegoldin",
        "repo": "antigravity-cli-nix",
        "type": "github"
      }
    },
    "claude-nix": {
      "inputs": {
        "flake-utils": "flake-utils",
        "nixpkgs": [
          "nixpkgs"
        ]
      },
      "locked": {
        "lastModified": 1781850580,
        "narHash": "sha256-MSh6V+aJ3knhbpdfu4QpZhxqHwrfYQug0EFw/GPmamc=",
        "owner": "joegoldin",
        "repo": "claude-nix",
        "rev": "e29f190630e38fbb8312d7836c147dd179d34c03",
        "type": "github"
      },
      "original": {
        "owner": "joegoldin",
        "repo": "claude-nix",
        "type": "github"
      }
    },
    "codex-nix": {
      "inputs": {
        "nixpkgs": [
          "nixpkgs"
        ]
      },
      "locked": {
        "lastModified": 1783664711,
        "narHash": "sha256-BLFCULC/0OnIJnCZ74KD0aNCwi3/bsOtTKBZMTvBMFo=",
        "ref": "refs/heads/main",
        "rev": "b7ba57f107b688e9b79501b340026d07ef7667be",
        "revCount": 6,
        "type": "git",
        "url": "ssh://git@github.com/joegoldin/codex-nix.git"
      },
      "original": {
        "type": "git",
        "url": "ssh://git@github.com/joegoldin/codex-nix.git"
      }
    },
    "flake-utils": {
      "inputs": {
        "systems": "systems"
      },
      "locked": {
        "lastModified": 1731533236,
        "narHash": "sha256-l0KFg5HjrsfsO/JpG+r7fRrqm12kzFHyUHqHCVpMMbI=",
        "owner": "numtide",
        "repo": "flake-utils",
        "rev": "11707dc2f618dd54ca8739b309ec4fc024de578b",
        "type": "github"
      },
      "original": {
        "owner": "numtide",
        "repo": "flake-utils",
        "type": "github"
      }
    },
    "nixpkgs": {
      "locked": {
        "lastModified": 1780365719,
        "narHash": "sha256-QfWfccTN+70ZQ4m2qlU9PiKfz2Yppq94058iJyARNwc=",
        "owner": "NixOS",
        "repo": "nixpkgs",
        "rev": "ffa10e26ae11d676b2db836259889f1f571cb14f",
        "type": "github"
      },
      "original": {
        "owner": "NixOS",
        "ref": "nixpkgs-unstable",
        "repo": "nixpkgs",
        "type": "github"
      }
    },
    "root": {
      "inputs": {
        "antigravity-cli-nix": "antigravity-cli-nix",
        "claude-nix": "claude-nix",
        "codex-nix": "codex-nix",
        "nixpkgs": "nixpkgs"
      }
    },
    "systems": {
      "locked": {
        "lastModified": 1681028828,
        "narHash": "sha256-Vy1rq5AaRuLzOxct8nz4T6wlgyUR7zLU309k9mBC768=",
        "owner": "nix-systems",
        "repo": "default",
        "rev": "da67096a3b9bf56a91d16901293e51ba5b49a27e",
        "type": "github"
      },
      "original": {
        "owner": "nix-systems",
        "repo": "default",
        "type": "github"
      }
    }
  },
  "root": "root",
  "version": 7
}
